
Microsoft Visual Studio Solution File, Format Version 12.00
# Visual Studio Version 16
VisualStudioVersion = 16.0.30309.148
MinimumVisualStudioVersion = 10.0.40219.1
Project("{FAE04EC0-301F-11D3-BF4B-00C04F79EFBC}") = "UserRateLimit", "UserRateLimit\UserRateLimit.csproj", "{C8122E06-DF34-4396-8612-6905789D834E}"
EndProject
Global
	GlobalSection(SolutionConfigurationPlatforms) = preSolution
		Debug|Any CPU = Debug|Any CPU
		Release|Any CPU = Release|Any CPU
	EndGlobalSection
	GlobalSection(ProjectConfigurationPlatforms) = postSolution
		{C8122E06-DF34-4396-8612-6905789D834E}.Debug|Any CPU.ActiveCfg = Debug|Any CPU
		{C8122E06-DF34-4396-8612-6905789D834E}.Debug|Any CPU.Build.0 = Debug|Any CPU
		{C8122E06-DF34-4396-8612-6905789D834E}.Release|Any CPU.ActiveCfg = Release|Any CPU
		{C8122E06-DF34-4396-8612-6905789D834E}.Release|Any CPU.Build.0 = Release|Any CPU
	EndGlobalSection
	GlobalSection(SolutionProperties) = preSolution
		HideSolutionNode = FALSE
	EndGlobalSection
	GlobalSection(ExtensibilityGlobals) = postSolution
		SolutionGuid = {A08C4251-6831-4FF7-B62E-6B66E7E4D8C0}
	EndGlobalSection
EndGlobal
